
Microsoft Visual Studio Solution File, Format Version 12.00
# Visual Studio Version 16
VisualStudioVersion = 16.0.28621.142
MinimumVisualStudioVersion = 10.0.40219.1
Project("{FAE04EC0-301F-11D3-BF4B-00C04F79EFBC}") = "CustomGraphicsLibrary", "CustomGraphicsLibrary\CustomGraphicsLibrary.csproj", "{49C3F93E-BF1A-4B80-8883-7CE3C0DCE635}"
EndProject
Project("{FAE04EC0-301F-11D3-BF4B-00C04F79EFBC}") = "WindowsFormsAppGraphics", "WindowsFormsAppGraphics\WindowsFormsAppGraphics.csproj", "{F2B5608C-8B6E-4073-BF3F-BDB5F34352A0}"
EndProject
Global
	GlobalSection(SolutionConfigurationPlatforms) = preSolution
		Debug|Any CPU = Debug|Any CPU
		Release|Any CPU = Release|Any CPU
	EndGlobalSection
	GlobalSection(ProjectConfigurationPlatforms) = postSolution
		{49C3F93E-BF1A-4B80-8883-7CE3C0DCE635}.Debug|Any CPU.ActiveCfg = Debug|Any CPU
		{49C3F93E-BF1A-4B80-8883-7CE3C0DCE635}.Debug|Any CPU.Build.0 = Debug|Any CPU
		{49C3F93E-BF1A-4B80-8883-7CE3C0DCE635}.Release|Any CPU.ActiveCfg = Release|Any CPU
		{49C3F93E-BF1A-4B80-8883-7CE3C0DCE635}.Release|Any CPU.Build.0 = Release|Any CPU
		{F2B5608C-8B6E-4073-BF3F-BDB5F34352A0}.Debug|Any CPU.ActiveCfg = Debug|Any CPU
		{F2B5608C-8B6E-4073-BF3F-BDB5F34352A0}.Debug|Any CPU.Build.0 = Debug|Any CPU
		{F2B5608C-8B6E-4073-BF3F-BDB5F34352A0}.Release|Any CPU.ActiveCfg = Release|Any CPU
		{F2B5608C-8B6E-4073-BF3F-BDB5F34352A0}.Release|Any CPU.Build.0 = Release|Any CPU
	EndGlobalSection
	GlobalSection(SolutionProperties) = preSolution
		HideSolutionNode = FALSE
	EndGlobalSection
	GlobalSection(ExtensibilityGlobals) = postSolution
		SolutionGuid = {0D96F3F7-9B0E-4299-B4AC-CADE614C2AB8}
	EndGlobalSection
EndGlobal
