
Microsoft Visual Studio Solution File, Format Version 12.00
# Visual Studio 15
VisualStudioVersion = 15.0.28010.2041
MinimumVisualStudioVersion = 10.0.40219.1
Project("{8BC9CEB8-8B4A-11D0-8D11-00A0C91BC942}") = "Lab3", "Lab3.vcxproj", "{CDE1403E-215B-46A4-A996-578334247177}"
EndProject
Global
	GlobalSection(SolutionConfigurationPlatforms) = preSolution
		Debug|x64 = Debug|x64
		Debug|x86 = Debug|x86
		Release|x64 = Release|x64
		Release|x86 = Release|x86
	EndGlobalSection
	GlobalSection(ProjectConfigurationPlatforms) = postSolution
		{CDE1403E-215B-46A4-A996-578334247177}.Debug|x64.ActiveCfg = Debug|x64
		{CDE1403E-215B-46A4-A996-578334247177}.Debug|x64.Build.0 = Debug|x64
		{CDE1403E-215B-46A4-A996-578334247177}.Debug|x86.ActiveCfg = Debug|Win32
		{CDE1403E-215B-46A4-A996-578334247177}.Debug|x86.Build.0 = Debug|Win32
		{CDE1403E-215B-46A4-A996-578334247177}.Release|x64.ActiveCfg = Release|x64
		{CDE1403E-215B-46A4-A996-578334247177}.Release|x64.Build.0 = Release|x64
		{CDE1403E-215B-46A4-A996-578334247177}.Release|x86.ActiveCfg = Release|Win32
		{CDE1403E-215B-46A4-A996-578334247177}.Release|x86.Build.0 = Release|Win32
	EndGlobalSection
	GlobalSection(SolutionProperties) = preSolution
		HideSolutionNode = FALSE
	EndGlobalSection
	GlobalSection(ExtensibilityGlobals) = postSolution
		SolutionGuid = {48C6C712-29DF-4FF3-AF2E-2E4C2C3C8A5E}
	EndGlobalSection
EndGlobal
